
Microsoft Visual Studio Solution File, Format Version 12.00
# Visual Studio Version 17
VisualStudioVersion = 17.6.33723.286
MinimumVisualStudioVersion = 10.0.40219.1
Project("{FAE04EC0-301F-11D3-BF4B-00C04F79EFBC}") = "MoodAnalyzer", "MoodAnalyzer.csproj", "{CBCD7BD5-670A-4A7D-9CC6-732C0717871A}"
EndProject
Global
	GlobalSection(SolutionConfigurationPlatforms) = preSolution
		Debug|Any CPU = Debug|Any CPU
		Release|Any CPU = Release|Any CPU
	EndGlobalSection
	GlobalSection(ProjectConfigurationPlatforms) = postSolution
		{CBCD7BD5-670A-4A7D-9CC6-732C0717871A}.Debug|Any CPU.ActiveCfg = Debug|Any CPU
		{CBCD7BD5-670A-4A7D-9CC6-732C0717871A}.Debug|Any CPU.Build.0 = Debug|Any CPU
		{CBCD7BD5-670A-4A7D-9CC6-732C0717871A}.Release|Any CPU.ActiveCfg = Release|Any CPU
		{CBCD7BD5-670A-4A7D-9CC6-732C0717871A}.Release|Any CPU.Build.0 = Release|Any CPU
	EndGlobalSection
	GlobalSection(SolutionProperties) = preSolution
		HideSolutionNode = FALSE
	EndGlobalSection
	GlobalSection(ExtensibilityGlobals) = postSolution
		SolutionGuid = {D60B077C-2288-4873-87A8-76F4B5CABC0C}
	EndGlobalSection
EndGlobal
